
Microsoft Visual Studio Solution File, Format Version 12.00
# Visual Studio 15
VisualStudioVersion = 15.0.28010.2036
MinimumVisualStudioVersion = 10.0.40219.1
Project("{FAE04EC0-301F-11D3-BF4B-00C04F79EFBC}") = "RumorMill", "RumorMill\RumorMill.csproj", "{A6F59D8E-FB48-426A-9134-342719B55081}"
EndProject
Global
	GlobalSection(SolutionConfigurationPlatforms) = preSolution
		Debug|Any CPU = Debug|Any CPU
		Release|Any CPU = Release|Any CPU
	EndGlobalSection
	GlobalSection(ProjectConfigurationPlatforms) = postSolution
		{A6F59D8E-FB48-426A-9134-342719B55081}.Debug|Any CPU.ActiveCfg = Debug|Any CPU
		{A6F59D8E-FB48-426A-9134-342719B55081}.Debug|Any CPU.Build.0 = Debug|Any CPU
		{A6F59D8E-FB48-426A-9134-342719B55081}.Release|Any CPU.ActiveCfg = Release|Any CPU
		{A6F59D8E-FB48-426A-9134-342719B55081}.Release|Any CPU.Build.0 = Release|Any CPU
	EndGlobalSection
	GlobalSection(SolutionProperties) = preSolution
		HideSolutionNode = FALSE
	EndGlobalSection
	GlobalSection(ExtensibilityGlobals) = postSolution
		SolutionGuid = {3A6D3B15-A461-4F28-94B6-3330C48A948C}
	EndGlobalSection
EndGlobal
