
Microsoft Visual Studio Solution File, Format Version 12.00
# Visual Studio 15
VisualStudioVersion = 15.0.28010.2036
MinimumVisualStudioVersion = 10.0.40219.1
Project("{FAE04EC0-301F-11D3-BF4B-00C04F79EFBC}") = "GetShorty", "GetShorty\GetShorty.csproj", "{AE15C599-99CB-45BA-BDB3-CBB73949F329}"
EndProject
Global
	GlobalSection(SolutionConfigurationPlatforms) = preSolution
		Debug|Any CPU = Debug|Any CPU
		Release|Any CPU = Release|Any CPU
	EndGlobalSection
	GlobalSection(ProjectConfigurationPlatforms) = postSolution
		{AE15C599-99CB-45BA-BDB3-CBB73949F329}.Debug|Any CPU.ActiveCfg = Debug|Any CPU
		{AE15C599-99CB-45BA-BDB3-CBB73949F329}.Debug|Any CPU.Build.0 = Debug|Any CPU
		{AE15C599-99CB-45BA-BDB3-CBB73949F329}.Release|Any CPU.ActiveCfg = Release|Any CPU
		{AE15C599-99CB-45BA-BDB3-CBB73949F329}.Release|Any CPU.Build.0 = Release|Any CPU
	EndGlobalSection
	GlobalSection(SolutionProperties) = preSolution
		HideSolutionNode = FALSE
	EndGlobalSection
	GlobalSection(ExtensibilityGlobals) = postSolution
		SolutionGuid = {FCD70B97-5BCA-4ACE-A481-5EBA2C5A3A74}
	EndGlobalSection
EndGlobal
