
Microsoft Visual Studio Solution File, Format Version 12.00
# Visual Studio 15
VisualStudioVersion = 15.0.28010.2041
MinimumVisualStudioVersion = 10.0.40219.1
Project("{FAE04EC0-301F-11D3-BF4B-00C04F79EFBC}") = "BankQueue", "BankQueue\BankQueue.csproj", "{69832550-3E02-41F6-A896-102E055FA43A}"
EndProject
Global
	GlobalSection(SolutionConfigurationPlatforms) = preSolution
		Debug|Any CPU = Debug|Any CPU
		Release|Any CPU = Release|Any CPU
	EndGlobalSection
	GlobalSection(ProjectConfigurationPlatforms) = postSolution
		{69832550-3E02-41F6-A896-102E055FA43A}.Debug|Any CPU.ActiveCfg = Debug|Any CPU
		{69832550-3E02-41F6-A896-102E055FA43A}.Debug|Any CPU.Build.0 = Debug|Any CPU
		{69832550-3E02-41F6-A896-102E055FA43A}.Release|Any CPU.ActiveCfg = Release|Any CPU
		{69832550-3E02-41F6-A896-102E055FA43A}.Release|Any CPU.Build.0 = Release|Any CPU
	EndGlobalSection
	GlobalSection(SolutionProperties) = preSolution
		HideSolutionNode = FALSE
	EndGlobalSection
	GlobalSection(ExtensibilityGlobals) = postSolution
		SolutionGuid = {99FF5D91-D745-40F8-A5EA-4E53AF14C885}
	EndGlobalSection
EndGlobal
